// !$*UTF8*$!
{
	archiveVersion = 1;
	classes = {
	};
	objectVersion = 48;
	objects = {

/* Begin PBXBuildFile section */
		953ECE881FACBBA300278093 /* PillRecogNetApp.xcdatamodeld in Sources */ = {isa = PBXBuildFile; fileRef = 953ECE861FACBBA300278093 /* PillRecogNetApp.xcdatamodeld */; };
		953ECE8D1FACBBBB00278093 /* Classification+CoreDataClass.swift in Sources */ = {isa = PBXBuildFile; fileRef = 953ECE891FACBBBB00278093 /* Classification+CoreDataClass.swift */; };
		953ECE8E1FACBBBB00278093 /* Classification+CoreDataProperties.swift in Sources */ = {isa = PBXBuildFile; fileRef = 953ECE8A1FACBBBB00278093 /* Classification+CoreDataProperties.swift */; };
		953ECE8F1FACBBBB00278093 /* Photo+CoreDataClass.swift in Sources */ = {isa = PBXBuildFile; fileRef = 953ECE8B1FACBBBB00278093 /* Photo+CoreDataClass.swift */; };
		953ECE901FACBBBB00278093 /* Photo+CoreDataProperties.swift in Sources */ = {isa = PBXBuildFile; fileRef = 953ECE8C1FACBBBB00278093 /* Photo+CoreDataProperties.swift */; };
		957C65881F9612C700A2F972 /* AppDelegate.swift in Sources */ = {isa = PBXBuildFile; fileRef = 957C65871F9612C700A2F972 /* AppDelegate.swift */; };
		957C658A1F9612C700A2F972 /* ViewController.swift in Sources */ = {isa = PBXBuildFile; fileRef = 957C65891F9612C700A2F972 /* ViewController.swift */; };
		957C658D1F9612C700A2F972 /* Main.storyboard in Resources */ = {isa = PBXBuildFile; fileRef = 957C658B1F9612C700A2F972 /* Main.storyboard */; };
		957C65921F9612C700A2F972 /* Assets.xcassets in Resources */ = {isa = PBXBuildFile; fileRef = 957C65911F9612C700A2F972 /* Assets.xcassets */; };
		957C65951F9612C700A2F972 /* LaunchScreen.storyboard in Resources */ = {isa = PBXBuildFile; fileRef = 957C65931F9612C700A2F972 /* LaunchScreen.storyboard */; };
		957C659D1F96168700A2F972 /* DataListTableViewController.swift in Sources */ = {isa = PBXBuildFile; fileRef = 957C659C1F96168700A2F972 /* DataListTableViewController.swift */; };
		95C110611FAB8A8900FEBAD1 /* PillRecogNet.swift in Sources */ = {isa = PBXBuildFile; fileRef = 95C110601FAB8A8900FEBAD1 /* PillRecogNet.swift */; };
		95C110631FAC0A1300FEBAD1 /* MPSImage+Extensions.swift in Sources */ = {isa = PBXBuildFile; fileRef = 95C110621FAC0A1300FEBAD1 /* MPSImage+Extensions.swift */; };
		95C110651FAC12CD00FEBAD1 /* PillLabelManager.swift in Sources */ = {isa = PBXBuildFile; fileRef = 95C110641FAC12CD00FEBAD1 /* PillLabelManager.swift */; };
/* End PBXBuildFile section */

/* Begin PBXFileReference section */
		953ECE871FACBBA300278093 /* PillRecogNetApp.xcdatamodel */ = {isa = PBXFileReference; lastKnownFileType = wrapper.xcdatamodel; path = PillRecogNetApp.xcdatamodel; sourceTree = "<group>"; };
		953ECE891FACBBBB00278093 /* Classification+CoreDataClass.swift */ = {isa = PBXFileReference; lastKnownFileType = sourcecode.swift; path = "Classification+CoreDataClass.swift"; sourceTree = "<group>"; };
		953ECE8A1FACBBBB00278093 /* Classification+CoreDataProperties.swift */ = {isa = PBXFileReference; lastKnownFileType = sourcecode.swift; path = "Classification+CoreDataProperties.swift"; sourceTree = "<group>"; };
		953ECE8B1FACBBBB00278093 /* Photo+CoreDataClass.swift */ = {isa = PBXFileReference; lastKnownFileType = sourcecode.swift; path = "Photo+CoreDataClass.swift"; sourceTree = "<group>"; };
		953ECE8C1FACBBBB00278093 /* Photo+CoreDataProperties.swift */ = {isa = PBXFileReference; lastKnownFileType = sourcecode.swift; path = "Photo+CoreDataProperties.swift"; sourceTree = "<group>"; };
		957C65841F9612C700A2F972 /* PillRecogNetApp.app */ = {isa = PBXFileReference; explicitFileType = wrapper.application; includeInIndex = 0; path = PillRecogNetApp.app; sourceTree = BUILT_PRODUCTS_DIR; };
		957C65871F9612C700A2F972 /* AppDelegate.swift */ = {isa = PBXFileReference; lastKnownFileType = sourcecode.swift; path = AppDelegate.swift; sourceTree = "<group>"; };
		957C65891F9612C700A2F972 /* ViewController.swift */ = {isa = PBXFileReference; lastKnownFileType = sourcecode.swift; path = ViewController.swift; sourceTree = "<group>"; };
		957C658C1F9612C700A2F972 /* Base */ = {isa = PBXFileReference; lastKnownFileType = file.storyboard; name = Base; path = Base.lproj/Main.storyboard; sourceTree = "<group>"; };
		957C65911F9612C700A2F972 /* Assets.xcassets */ = {isa = PBXFileReference; lastKnownFileType = folder.assetcatalog; path = Assets.xcassets; sourceTree = "<group>"; };
		957C65941F9612C700A2F972 /* Base */ = {isa = PBXFileReference; lastKnownFileType = file.storyboard; name = Base; path = Base.lproj/LaunchScreen.storyboard; sourceTree = "<group>"; };
		957C65961F9612C700A2F972 /* Info.plist */ = {isa = PBXFileReference; lastKnownFileType = text.plist.xml; path = Info.plist; sourceTree = "<group>"; };
		957C659C1F96168700A2F972 /* DataListTableViewController.swift */ = {isa = PBXFileReference; lastKnownFileType = sourcecode.swift; path = DataListTableViewController.swift; sourceTree = "<group>"; };
		95C110601FAB8A8900FEBAD1 /* PillRecogNet.swift */ = {isa = PBXFileReference; lastKnownFileType = sourcecode.swift; path = PillRecogNet.swift; sourceTree = "<group>"; };
		95C110621FAC0A1300FEBAD1 /* MPSImage+Extensions.swift */ = {isa = PBXFileReference; lastKnownFileType = sourcecode.swift; path = "MPSImage+Extensions.swift"; sourceTree = "<group>"; };
		95C110641FAC12CD00FEBAD1 /* PillLabelManager.swift */ = {isa = PBXFileReference; lastKnownFileType = sourcecode.swift; path = PillLabelManager.swift; sourceTree = "<group>"; };
/* End PBXFileReference section */

/* Begin PBXFrameworksBuildPhase section */
		957C65811F9612C700A2F972 /* Frameworks */ = {
			isa = PBXFrameworksBuildPhase;
			buildActionMask = 2147483647;
			files = (
			);
			runOnlyForDeploymentPostprocessing = 0;
		};
/* End PBXFrameworksBuildPhase section */

/* Begin PBXGroup section */
		953ECE851FACBB2F00278093 /* Model */ = {
			isa = PBXGroup;
			children = (
				953ECE891FACBBBB00278093 /* Classification+CoreDataClass.swift */,
				953ECE8A1FACBBBB00278093 /* Classification+CoreDataProperties.swift */,
				953ECE8B1FACBBBB00278093 /* Photo+CoreDataClass.swift */,
				953ECE8C1FACBBBB00278093 /* Photo+CoreDataProperties.swift */,
			);
			path = Model;
			sourceTree = "<group>";
		};
		957C657B1F9612C700A2F972 = {
			isa = PBXGroup;
			children = (
				957C65861F9612C700A2F972 /* PillRecogNetApp */,
				957C65851F9612C700A2F972 /* Products */,
			);
			sourceTree = "<group>";
		};
		957C65851F9612C700A2F972 /* Products */ = {
			isa = PBXGroup;
			children = (
				957C65841F9612C700A2F972 /* PillRecogNetApp.app */,
			);
			name = Products;
			sourceTree = "<group>";
		};
		957C65861F9612C700A2F972 /* PillRecogNetApp */ = {
			isa = PBXGroup;
			children = (
				953ECE851FACBB2F00278093 /* Model */,
				95C1105F1FAB8A6000FEBAD1 /* Neural Network */,
				957C65871F9612C700A2F972 /* AppDelegate.swift */,
				957C65891F9612C700A2F972 /* ViewController.swift */,
				957C658B1F9612C700A2F972 /* Main.storyboard */,
				957C65911F9612C700A2F972 /* Assets.xcassets */,
				957C65931F9612C700A2F972 /* LaunchScreen.storyboard */,
				953ECE861FACBBA300278093 /* PillRecogNetApp.xcdatamodeld */,
				957C65961F9612C700A2F972 /* Info.plist */,
				957C659C1F96168700A2F972 /* DataListTableViewController.swift */,
			);
			path = PillRecogNetApp;
			sourceTree = "<group>";
		};
		95C1105F1FAB8A6000FEBAD1 /* Neural Network */ = {
			isa = PBXGroup;
			children = (
				95C110601FAB8A8900FEBAD1 /* PillRecogNet.swift */,
				95C110621FAC0A1300FEBAD1 /* MPSImage+Extensions.swift */,
				95C110641FAC12CD00FEBAD1 /* PillLabelManager.swift */,
			);
			path = "Neural Network";
			sourceTree = "<group>";
		};
/* End PBXGroup section */

/* Begin PBXNativeTarget section */
		957C65831F9612C700A2F972 /* PillRecogNetApp */ = {
			isa = PBXNativeTarget;
			buildConfigurationList = 957C65991F9612C700A2F972 /* Build configuration list for PBXNativeTarget "PillRecogNetApp" */;
			buildPhases = (
				957C65801F9612C700A2F972 /* Sources */,
				957C65811F9612C700A2F972 /* Frameworks */,
				957C65821F9612C700A2F972 /* Resources */,
			);
			buildRules = (
			);
			dependencies = (
			);
			name = PillRecogNetApp;
			productName = PillRecogNetApp;
			productReference = 957C65841F9612C700A2F972 /* PillRecogNetApp.app */;
			productType = "com.apple.product-type.application";
		};
/* End PBXNativeTarget section */

/* Begin PBXProject section */
		957C657C1F9612C700A2F972 /* Project object */ = {
			isa = PBXProject;
			attributes = {
				LastSwiftUpdateCheck = 0900;
				LastUpgradeCheck = 0900;
				ORGANIZATIONNAME = "Matteo Del Vecchio";
				TargetAttributes = {
					957C65831F9612C700A2F972 = {
						CreatedOnToolsVersion = 9.0;
						ProvisioningStyle = Automatic;
					};
				};
			};
			buildConfigurationList = 957C657F1F9612C700A2F972 /* Build configuration list for PBXProject "PillRecogNetApp" */;
			compatibilityVersion = "Xcode 8.0";
			developmentRegion = en;
			hasScannedForEncodings = 0;
			knownRegions = (
				en,
				Base,
			);
			mainGroup = 957C657B1F9612C700A2F972;
			productRefGroup = 957C65851F9612C700A2F972 /* Products */;
			projectDirPath = "";
			projectRoot = "";
			targets = (
				957C65831F9612C700A2F972 /* PillRecogNetApp */,
			);
		};
/* End PBXProject section */

/* Begin PBXResourcesBuildPhase section */
		957C65821F9612C700A2F972 /* Resources */ = {
			isa = PBXResourcesBuildPhase;
			buildActionMask = 2147483647;
			files = (
				957C65951F9612C700A2F972 /* LaunchScreen.storyboard in Resources */,
				957C65921F9612C700A2F972 /* Assets.xcassets in Resources */,
				957C658D1F9612C700A2F972 /* Main.storyboard in Resources */,
			);
			runOnlyForDeploymentPostprocessing = 0;
		};
/* End PBXResourcesBuildPhase section */

/* Begin PBXSourcesBuildPhase section */
		957C65801F9612C700A2F972 /* Sources */ = {
			isa = PBXSourcesBuildPhase;
			buildActionMask = 2147483647;
			files = (
				953ECE8F1FACBBBB00278093 /* Photo+CoreDataClass.swift in Sources */,
				95C110631FAC0A1300FEBAD1 /* MPSImage+Extensions.swift in Sources */,
				953ECE8D1FACBBBB00278093 /* Classification+CoreDataClass.swift in Sources */,
				95C110611FAB8A8900FEBAD1 /* PillRecogNet.swift in Sources */,
				957C658A1F9612C700A2F972 /* ViewController.swift in Sources */,
				95C110651FAC12CD00FEBAD1 /* PillLabelManager.swift in Sources */,
				957C65881F9612C700A2F972 /* AppDelegate.swift in Sources */,
				953ECE8E1FACBBBB00278093 /* Classification+CoreDataProperties.swift in Sources */,
				953ECE901FACBBBB00278093 /* Photo+CoreDataProperties.swift in Sources */,
				953ECE881FACBBA300278093 /* PillRecogNetApp.xcdatamodeld in Sources */,
				957C659D1F96168700A2F972 /* DataListTableViewController.swift in Sources */,
			);
			runOnlyForDeploymentPostprocessing = 0;
		};
/* End PBXSourcesBuildPhase section */

/* Begin PBXVariantGroup section */
		957C658B1F9612C700A2F972 /* Main.storyboard */ = {
			isa = PBXVariantGroup;
			children = (
				957C658C1F9612C700A2F972 /* Base */,
			);
			name = Main.storyboard;
			sourceTree = "<group>";
		};
		957C65931F9612C700A2F972 /* LaunchScreen.storyboard */ = {
			isa = PBXVariantGroup;
			children = (
				957C65941F9612C700A2F972 /* Base */,
			);
			name = LaunchScreen.storyboard;
			sourceTree = "<group>";
		};
/* End PBXVariantGroup section */

/* Begin XCBuildConfiguration section */
		957C65971F9612C700A2F972 /* Debug */ = {
			isa = XCBuildConfiguration;
			buildSettings = {
				ALWAYS_SEARCH_USER_PATHS = NO;
				CLANG_ANALYZER_NONNULL = YES;
				CLANG_ANALYZER_NUMBER_OBJECT_CONVERSION = YES_AGGRESSIVE;
				CLANG_CXX_LANGUAGE_STANDARD = "gnu++14";
				CLANG_CXX_LIBRARY = "libc++";
				CLANG_ENABLE_MODULES = YES;
				CLANG_ENABLE_OBJC_ARC = YES;
				CLANG_WARN_BLOCK_CAPTURE_AUTORELEASING = YES;
				CLANG_WARN_BOOL_CONVERSION = YES;
				CLANG_WARN_COMMA = YES;
				CLANG_WARN_CONSTANT_CONVERSION = YES;
				CLANG_WARN_DIRECT_OBJC_ISA_USAGE = YES_ERROR;
				CLANG_WARN_DOCUMENTATION_COMMENTS = YES;
				CLANG_WARN_EMPTY_BODY = YES;
				CLANG_WARN_ENUM_CONVERSION = YES;
				CLANG_WARN_INFINITE_RECURSION = YES;
				CLANG_WARN_INT_CONVERSION = YES;
				CLANG_WARN_NON_LITERAL_NULL_CONVERSION = YES;
				CLANG_WARN_OBJC_LITERAL_CONVERSION = YES;
				CLANG_WARN_OBJC_ROOT_CLASS = YES_ERROR;
				CLANG_WARN_RANGE_LOOP_ANALYSIS = YES;
				CLANG_WARN_STRICT_PROTOTYPES = YES;
				CLANG_WARN_SUSPICIOUS_MOVE = YES;
				CLANG_WARN_UNGUARDED_AVAILABILITY = YES_AGGRESSIVE;
				CLANG_WARN_UNREACHABLE_CODE = YES;
				CLANG_WARN__DUPLICATE_METHOD_MATCH = YES;
				CODE_SIGN_IDENTITY = "iPhone Developer";
				COPY_PHASE_STRIP = NO;
				DEBUG_INFORMATION_FORMAT = dwarf;
				ENABLE_STRICT_OBJC_MSGSEND = YES;
				ENABLE_TESTABILITY = YES;
				GCC_C_LANGUAGE_STANDARD = gnu11;
				GCC_DYNAMIC_NO_PIC = NO;
				GCC_NO_COMMON_BLOCKS = YES;
				GCC_OPTIMIZATION_LEVEL = 0;
				GCC_PREPROCESSOR_DEFINITIONS = (
					"DEBUG=1",
					"$(inherited)",
				);
				GCC_WARN_64_TO_32_BIT_CONVERSION = YES;
				GCC_WARN_ABOUT_RETURN_TYPE = YES_ERROR;
				GCC_WARN_UNDECLARED_SELECTOR = YES;
				GCC_WARN_UNINITIALIZED_AUTOS = YES_AGGRESSIVE;
				GCC_WARN_UNUSED_FUNCTION = YES;
				GCC_WARN_UNUSED_VARIABLE = YES;
				IPHONEOS_DEPLOYMENT_TARGET = 11.0;
				MTL_ENABLE_DEBUG_INFO = YES;
				ONLY_ACTIVE_ARCH = YES;
				SDKROOT = iphoneos;
				SWIFT_ACTIVE_COMPILATION_CONDITIONS = DEBUG;
				SWIFT_OPTIMIZATION_LEVEL = "-Onone";
			};
			name = Debug;
		};
		957C65981F9612C700A2F972 /* Release */ = {
			isa = XCBuildConfiguration;
			buildSettings = {
				ALWAYS_SEARCH_USER_PATHS = NO;
				CLANG_ANALYZER_NONNULL = YES;
				CLANG_ANALYZER_NUMBER_OBJECT_CONVERSION = YES_AGGRESSIVE;
				CLANG_CXX_LANGUAGE_STANDARD = "gnu++14";
				CLANG_CXX_LIBRARY = "libc++";
				CLANG_ENABLE_MODULES = YES;
				CLANG_ENABLE_OBJC_ARC = YES;
				CLANG_WARN_BLOCK_CAPTURE_AUTORELEASING = YES;
				CLANG_WARN_BOOL_CONVERSION = YES;
				CLANG_WARN_COMMA = YES;
				CLANG_WARN_CONSTANT_CONVERSION = YES;
				CLANG_WARN_DIRECT_OBJC_ISA_USAGE = YES_ERROR;
				CLANG_WARN_DOCUMENTATION_COMMENTS = YES;
				CLANG_WARN_EMPTY_BODY = YES;
				CLANG_WARN_ENUM_CONVERSION = YES;
				CLANG_WARN_INFINITE_RECURSION = YES;
				CLANG_WARN_INT_CONVERSION = YES;
				CLANG_WARN_NON_LITERAL_NULL_CONVERSION = YES;
				CLANG_WARN_OBJC_LITERAL_CONVERSION = YES;
				CLANG_WARN_OBJC_ROOT_CLASS = YES_ERROR;
				CLANG_WARN_RANGE_LOOP_ANALYSIS = YES;
				CLANG_WARN_STRICT_PROTOTYPES = YES;
				CLANG_WARN_SUSPICIOUS_MOVE = YES;
				CLANG_WARN_UNGUARDED_AVAILABILITY = YES_AGGRESSIVE;
				CLANG_WARN_UNREACHABLE_CODE = YES;
				CLANG_WARN__DUPLICATE_METHOD_MATCH = YES;
				CODE_SIGN_IDENTITY = "iPhone Developer";
				COPY_PHASE_STRIP = NO;
				DEBUG_INFORMATION_FORMAT = "dwarf-with-dsym";
				ENABLE_NS_ASSERTIONS = NO;
				ENABLE_STRICT_OBJC_MSGSEND = YES;
				GCC_C_LANGUAGE_STANDARD = gnu11;
				GCC_NO_COMMON_BLOCKS = YES;
				GCC_WARN_64_TO_32_BIT_CONVERSION = YES;
				GCC_WARN_ABOUT_RETURN_TYPE = YES_ERROR;
				GCC_WARN_UNDECLARED_SELECTOR = YES;
				GCC_WARN_UNINITIALIZED_AUTOS = YES_AGGRESSIVE;
				GCC_WARN_UNUSED_FUNCTION = YES;
				GCC_WARN_UNUSED_VARIABLE = YES;
				IPHONEOS_DEPLOYMENT_TARGET = 11.0;
				MTL_ENABLE_DEBUG_INFO = NO;
				SDKROOT = iphoneos;
				SWIFT_OPTIMIZATION_LEVEL = "-Owholemodule";
				VALIDATE_PRODUCT = YES;
			};
			name = Release;
		};
		957C659A1F9612C700A2F972 /* Debug */ = {
			isa = XCBuildConfiguration;
			buildSettings = {
				ASSETCATALOG_COMPILER_APPICON_NAME = AppIcon;
				CODE_SIGN_STYLE = Automatic;
				DEVELOPMENT_TEAM = SP3RMALFFA;
				INFOPLIST_FILE = PillRecogNetApp/Info.plist;
				IPHONEOS_DEPLOYMENT_TARGET = 10.0;
				LD_RUNPATH_SEARCH_PATHS = "$(inherited) @executable_path/Frameworks";
				PRODUCT_BUNDLE_IDENTIFIER = me.matteodv.PillRecogNet;
				PRODUCT_NAME = "$(TARGET_NAME)";
				SWIFT_VERSION = 4.0;
				TARGETED_DEVICE_FAMILY = "1,2";
			};
			name = Debug;
		};
		957C659B1F9612C700A2F972 /* Release */ = {
			isa = XCBuildConfiguration;
			buildSettings = {
				ASSETCATALOG_COMPILER_APPICON_NAME = AppIcon;
				CODE_SIGN_STYLE = Automatic;
				DEVELOPMENT_TEAM = SP3RMALFFA;
				INFOPLIST_FILE = PillRecogNetApp/Info.plist;
				IPHONEOS_DEPLOYMENT_TARGET = 10.0;
				LD_RUNPATH_SEARCH_PATHS = "$(inherited) @executable_path/Frameworks";
				PRODUCT_BUNDLE_IDENTIFIER = me.matteodv.PillRecogNet;
				PRODUCT_NAME = "$(TARGET_NAME)";
				SWIFT_VERSION = 4.0;
				TARGETED_DEVICE_FAMILY = "1,2";
			};
			name = Release;
		};
/* End XCBuildConfiguration section */

/* Begin XCConfigurationList section */
		957C657F1F9612C700A2F972 /* Build configuration list for PBXProject "PillRecogNetApp" */ = {
			isa = XCConfigurationList;
			buildConfigurations = (
				957C65971F9612C700A2F972 /* Debug */,
				957C65981F9612C700A2F972 /* Release */,
			);
			defaultConfigurationIsVisible = 0;
			defaultConfigurationName = Release;
		};
		957C65991F9612C700A2F972 /* Build configuration list for PBXNativeTarget "PillRecogNetApp" */ = {
			isa = XCConfigurationList;
			buildConfigurations = (
				957C659A1F9612C700A2F972 /* Debug */,
				957C659B1F9612C700A2F972 /* Release */,
			);
			defaultConfigurationIsVisible = 0;
			defaultConfigurationName = Release;
		};
/* End XCConfigurationList section */

/* Begin XCVersionGroup section */
		953ECE861FACBBA300278093 /* PillRecogNetApp.xcdatamodeld */ = {
			isa = XCVersionGroup;
			children = (
				953ECE871FACBBA300278093 /* PillRecogNetApp.xcdatamodel */,
			);
			currentVersion = 953ECE871FACBBA300278093 /* PillRecogNetApp.xcdatamodel */;
			path = PillRecogNetApp.xcdatamodeld;
			sourceTree = "<group>";
			versionGroupType = wrapper.xcdatamodel;
		};
/* End XCVersionGroup section */
	};
	rootObject = 957C657C1F9612C700A2F972 /* Project object */;
}
